
Microsoft Visual Studio Solution File, Format Version 12.00
# Visual Studio Version 17
VisualStudioVersion = 17.2.32616.157
MinimumVisualStudioVersion = 10.0.40219.1
Project("{FAE04EC0-301F-11D3-BF4B-00C04F79EFBC}") = "Sorting Algo Visualizer", "Sorting Algo Visualizer\Sorting Algo Visualizer.csproj", "{D9B8B2C8-045E-4F89-AE4F-8825903B5E6D}"
EndProject
Global
	GlobalSection(SolutionConfigurationPlatforms) = preSolution
		Debug|Any CPU = Debug|Any CPU
		Release|Any CPU = Release|Any CPU
	EndGlobalSection
	GlobalSection(ProjectConfigurationPlatforms) = postSolution
		{D9B8B2C8-045E-4F89-AE4F-8825903B5E6D}.Debug|Any CPU.ActiveCfg = Debug|Any CPU
		{D9B8B2C8-045E-4F89-AE4F-8825903B5E6D}.Debug|Any CPU.Build.0 = Debug|Any CPU
		{D9B8B2C8-045E-4F89-AE4F-8825903B5E6D}.Release|Any CPU.ActiveCfg = Release|Any CPU
		{D9B8B2C8-045E-4F89-AE4F-8825903B5E6D}.Release|Any CPU.Build.0 = Release|Any CPU
	EndGlobalSection
	GlobalSection(SolutionProperties) = preSolution
		HideSolutionNode = FALSE
	EndGlobalSection
	GlobalSection(ExtensibilityGlobals) = postSolution
		SolutionGuid = {8411E99D-9982-44C6-9502-3D8279E0A8ED}
	EndGlobalSection
EndGlobal
